%{
  "circuits_uart": {:hex, :circuits_uart, "1.4.3", "3753ed5b8792bab65f3e3c9c4ef00c51bcd5af7bb504bdfcba0648cb9b37e0de", [:mix], [{:elixir_make, "~> 0.6", [hex: :elixir_make, repo: "hexpm", optional: false]}], "hexpm", "80e568af4144ebf060af19d9354a545f96fe1ac069d91ac852ee9f2cee8af581"},
  "circular_buffer": {:hex, :circular_buffer, "0.4.0", "a51ea76bb03c4a38207934264bcc600018ead966728ca80da731458c5f940f8b", [:mix], [], "hexpm", "c604b19f2101982b63264e2ed90c6fb0fe502540b6af83ce95135ac9b6f2d847"},
  "elixir_make": {:hex, :elixir_make, "0.6.3", "bc07d53221216838d79e03a8019d0839786703129599e9619f4ab74c8c096eac", [:mix], [], "hexpm", "f5cbd651c5678bcaabdbb7857658ee106b12509cd976c2c2fca99688e1daf716"},
  "ring_logger": {:hex, :ring_logger, "0.8.2", "78e0ffbf89b3f5b3c58f8660cb6b6fe2ca7ed5f56dc64e993119189d629c278c", [:mix], [{:circular_buffer, "~> 0.4.0", [hex: :circular_buffer, repo: "hexpm", optional: false]}], "hexpm", "864c8982bfcdc17b7501d00cc2bcede6727ebf95cbeba30e70c795d03f9138c1"},
}
